
Microsoft Visual Studio Solution File, Format Version 12.00
# Visual Studio Version 16
VisualStudioVersion = 16.0.30413.136
MinimumVisualStudioVersion = 10.0.40219.1
Project("{FAE04EC0-301F-11D3-BF4B-00C04F79EFBC}") = "RobotCleaner", "RobotCleaner.csproj", "{5E60BD1B-A812-4087-821F-4EB8E3867649}"
EndProject
Project("{FAE04EC0-301F-11D3-BF4B-00C04F79EFBC}") = "RobotCleanerTests", "..\RobotCleanerTests\RobotCleanerTests.csproj", "{5BE30825-7FE0-4908-B0B8-B6921FE657B3}"
EndProject
Global
	GlobalSection(SolutionConfigurationPlatforms) = preSolution
		Debug|Any CPU = Debug|Any CPU
		Release|Any CPU = Release|Any CPU
	EndGlobalSection
	GlobalSection(ProjectConfigurationPlatforms) = postSolution
		{5E60BD1B-A812-4087-821F-4EB8E3867649}.Debug|Any CPU.ActiveCfg = Debug|Any CPU
		{5E60BD1B-A812-4087-821F-4EB8E3867649}.Debug|Any CPU.Build.0 = Debug|Any CPU
		{5E60BD1B-A812-4087-821F-4EB8E3867649}.Release|Any CPU.ActiveCfg = Release|Any CPU
		{5E60BD1B-A812-4087-821F-4EB8E3867649}.Release|Any CPU.Build.0 = Release|Any CPU
		{5BE30825-7FE0-4908-B0B8-B6921FE657B3}.Debug|Any CPU.ActiveCfg = Debug|Any CPU
		{5BE30825-7FE0-4908-B0B8-B6921FE657B3}.Debug|Any CPU.Build.0 = Debug|Any CPU
		{5BE30825-7FE0-4908-B0B8-B6921FE657B3}.Release|Any CPU.ActiveCfg = Release|Any CPU
		{5BE30825-7FE0-4908-B0B8-B6921FE657B3}.Release|Any CPU.Build.0 = Release|Any CPU
	EndGlobalSection
	GlobalSection(SolutionProperties) = preSolution
		HideSolutionNode = FALSE
	EndGlobalSection
	GlobalSection(ExtensibilityGlobals) = postSolution
		SolutionGuid = {26E5A95E-4099-4A5F-B5AE-F871E5DB17DF}
	EndGlobalSection
EndGlobal
